
Microsoft Visual Studio Solution File, Format Version 12.00
# Visual Studio Version 16
VisualStudioVersion = 16.0.30114.105
MinimumVisualStudioVersion = 10.0.40219.1
Project("{2150E333-8FDC-42A3-9474-1A3956D46DE8}") = "src", "src", "{08456A16-EBC2-4039-B42B-4B6022439F7E}"
EndProject
Project("{FAE04EC0-301F-11D3-BF4B-00C04F79EFBC}") = "gameday-dotnet-web", "src\web\gameday-dotnet-web.csproj", "{F194735C-A938-4FC1-BD61-87714BF835FD}"
EndProject
Global
	GlobalSection(SolutionConfigurationPlatforms) = preSolution
		Debug|Any CPU = Debug|Any CPU
		Debug|x64 = Debug|x64
		Debug|x86 = Debug|x86
		Release|Any CPU = Release|Any CPU
		Release|x64 = Release|x64
		Release|x86 = Release|x86
	EndGlobalSection
	GlobalSection(SolutionProperties) = preSolution
		HideSolutionNode = FALSE
	EndGlobalSection
	GlobalSection(ProjectConfigurationPlatforms) = postSolution
		{F194735C-A938-4FC1-BD61-87714BF835FD}.Debug|Any CPU.ActiveCfg = Debug|Any CPU
		{F194735C-A938-4FC1-BD61-87714BF835FD}.Debug|Any CPU.Build.0 = Debug|Any CPU
		{F194735C-A938-4FC1-BD61-87714BF835FD}.Debug|x64.ActiveCfg = Debug|Any CPU
		{F194735C-A938-4FC1-BD61-87714BF835FD}.Debug|x64.Build.0 = Debug|Any CPU
		{F194735C-A938-4FC1-BD61-87714BF835FD}.Debug|x86.ActiveCfg = Debug|Any CPU
		{F194735C-A938-4FC1-BD61-87714BF835FD}.Debug|x86.Build.0 = Debug|Any CPU
		{F194735C-A938-4FC1-BD61-87714BF835FD}.Release|Any CPU.ActiveCfg = Release|Any CPU
		{F194735C-A938-4FC1-BD61-87714BF835FD}.Release|Any CPU.Build.0 = Release|Any CPU
		{F194735C-A938-4FC1-BD61-87714BF835FD}.Release|x64.ActiveCfg = Release|Any CPU
		{F194735C-A938-4FC1-BD61-87714BF835FD}.Release|x64.Build.0 = Release|Any CPU
		{F194735C-A938-4FC1-BD61-87714BF835FD}.Release|x86.ActiveCfg = Release|Any CPU
		{F194735C-A938-4FC1-BD61-87714BF835FD}.Release|x86.Build.0 = Release|Any CPU
	EndGlobalSection
	GlobalSection(NestedProjects) = preSolution
		{F194735C-A938-4FC1-BD61-87714BF835FD} = {08456A16-EBC2-4039-B42B-4B6022439F7E}
	EndGlobalSection
EndGlobal
